
Microsoft Visual Studio Solution File, Format Version 12.00
# Visual Studio Version 16
VisualStudioVersion = 16.0.32126.315
MinimumVisualStudioVersion = 10.0.40219.1
Project("{FAE04EC0-301F-11D3-BF4B-00C04F79EFBC}") = "minecull", "minecull\minecull.csproj", "{FD12C5A6-E748-4D21-96F9-6C1D74D1DE4A}"
EndProject
Global
	GlobalSection(SolutionConfigurationPlatforms) = preSolution
		Debug|Any CPU = Debug|Any CPU
		Release|Any CPU = Release|Any CPU
	EndGlobalSection
	GlobalSection(ProjectConfigurationPlatforms) = postSolution
		{FD12C5A6-E748-4D21-96F9-6C1D74D1DE4A}.Debug|Any CPU.ActiveCfg = Debug|Any CPU
		{FD12C5A6-E748-4D21-96F9-6C1D74D1DE4A}.Debug|Any CPU.Build.0 = Debug|Any CPU
		{FD12C5A6-E748-4D21-96F9-6C1D74D1DE4A}.Release|Any CPU.ActiveCfg = Release|Any CPU
		{FD12C5A6-E748-4D21-96F9-6C1D74D1DE4A}.Release|Any CPU.Build.0 = Release|Any CPU
	EndGlobalSection
	GlobalSection(SolutionProperties) = preSolution
		HideSolutionNode = FALSE
	EndGlobalSection
	GlobalSection(ExtensibilityGlobals) = postSolution
		SolutionGuid = {D3625DE2-C552-4277-B31D-0B5352CC26B2}
	EndGlobalSection
EndGlobal
